// !$*UTF8*$!
{
	archiveVersion = 1;
	classes = {
	};
	objectVersion = 55;
	objects = {

/* Begin PBXBuildFile section */
		F2047DD9282AA85000DF517F /* Alamofire iOS Tests.xctest in Embed PlugIns */ = {isa = PBXBuildFile; fileRef = F2D51109282A9DD700ED6CF2 /* Alamofire iOS Tests.xctest */; settings = {ATTRIBUTES = (CodeSignOnCopy, RemoveHeadersOnCopy, ); }; };
		F2047DDA282AA85000DF517F /* Alamofire.framework in Frameworks */ = {isa = PBXBuildFile; fileRef = F2D51107282A9DD700ED6CF2 /* Alamofire.framework */; };
		F2047DDB282AA85000DF517F /* Alamofire.framework in Embed Frameworks */ = {isa = PBXBuildFile; fileRef = F2D51107282A9DD700ED6CF2 /* Alamofire.framework */; settings = {ATTRIBUTES = (CodeSignOnCopy, RemoveHeadersOnCopy, ); }; };
		F2110E30281EE8BF00CA74AF /* AppDelegate.swift in Sources */ = {isa = PBXBuildFile; fileRef = F2110E2F281EE8BF00CA74AF /* AppDelegate.swift */; };
		F2110E32281EE8BF00CA74AF /* SceneDelegate.swift in Sources */ = {isa = PBXBuildFile; fileRef = F2110E31281EE8BF00CA74AF /* SceneDelegate.swift */; };
		F2110E34281EE8BF00CA74AF /* CountriesBaseViewController.swift in Sources */ = {isa = PBXBuildFile; fileRef = F2110E33281EE8BF00CA74AF /* CountriesBaseViewController.swift */; };
		F2110E39281EE8C100CA74AF /* Assets.xcassets in Resources */ = {isa = PBXBuildFile; fileRef = F2110E38281EE8C100CA74AF /* Assets.xcassets */; };
		F2110E3C281EE8C100CA74AF /* LaunchScreen.storyboard in Resources */ = {isa = PBXBuildFile; fileRef = F2110E3A281EE8C100CA74AF /* LaunchScreen.storyboard */; };
		F2110E47281EE8C100CA74AF /* CountriesTests.swift in Sources */ = {isa = PBXBuildFile; fileRef = F2110E46281EE8C100CA74AF /* CountriesTests.swift */; };
		F2110E51281EE8C100CA74AF /* CountriesUITests.swift in Sources */ = {isa = PBXBuildFile; fileRef = F2110E50281EE8C100CA74AF /* CountriesUITests.swift */; };
		F2110E53281EE8C100CA74AF /* CountriesUITestsLaunchTests.swift in Sources */ = {isa = PBXBuildFile; fileRef = F2110E52281EE8C100CA74AF /* CountriesUITestsLaunchTests.swift */; };
		F2110E66281EED0900CA74AF /* WelcomeView.swift in Sources */ = {isa = PBXBuildFile; fileRef = F2110E65281EED0900CA74AF /* WelcomeView.swift */; };
		F2110E69281EED3600CA74AF /* WelcomeViewController.swift in Sources */ = {isa = PBXBuildFile; fileRef = F2110E67281EED3600CA74AF /* WelcomeViewController.swift */; };
		F2110E6A281EED3600CA74AF /* WelcomeViewController.xib in Resources */ = {isa = PBXBuildFile; fileRef = F2110E68281EED3600CA74AF /* WelcomeViewController.xib */; };
		F2110E6C281EED4900CA74AF /* WelcomeViewModel.swift in Sources */ = {isa = PBXBuildFile; fileRef = F2110E6B281EED4900CA74AF /* WelcomeViewModel.swift */; };
		F2110E71281F37AC00CA74AF /* CountriesButton.swift in Sources */ = {isa = PBXBuildFile; fileRef = F2110E70281F37AC00CA74AF /* CountriesButton.swift */; };
		F24E18EE282A92C100A1A454 /* CountriesModel.swift in Sources */ = {isa = PBXBuildFile; fileRef = F24E18ED282A92C100A1A454 /* CountriesModel.swift */; };
		F28358B0282045B800B23742 /* CountriesService.swift in Sources */ = {isa = PBXBuildFile; fileRef = F28358AF282045B800B23742 /* CountriesService.swift */; };
		F28358B2282045CD00B23742 /* CountriesServiceImplementation.swift in Sources */ = {isa = PBXBuildFile; fileRef = F28358B1282045CD00B23742 /* CountriesServiceImplementation.swift */; };
		F28358B6282077F900B23742 /* AsynchronousProvider.swift in Sources */ = {isa = PBXBuildFile; fileRef = F28358B5282077F900B23742 /* AsynchronousProvider.swift */; };
		F28358B82820781B00B23742 /* AsynchronousRunner.swift in Sources */ = {isa = PBXBuildFile; fileRef = F28358B72820781B00B23742 /* AsynchronousRunner.swift */; };
		F28358BA2820783B00B23742 /* AsynchronousRunnerImplementation.swift in Sources */ = {isa = PBXBuildFile; fileRef = F28358B92820783B00B23742 /* AsynchronousRunnerImplementation.swift */; };
		F28358BC2820786300B23742 /* DummyAsynchronousRunner.swift in Sources */ = {isa = PBXBuildFile; fileRef = F28358BB2820786300B23742 /* DummyAsynchronousRunner.swift */; };
/* End PBXBuildFile section */

/* Begin PBXContainerItemProxy section */
		F2047DD5282AA82500DF517F /* PBXContainerItemProxy */ = {
			isa = PBXContainerItemProxy;
			containerPortal = F2D510FB282A9DD600ED6CF2 /* Alamofire.xcodeproj */;
			proxyType = 1;
			remoteGlobalIDString = F8111E3219A95C8B0040E7D1;
			remoteInfo = "Alamofire iOS";
		};
		F2047DD7282AA82500DF517F /* PBXContainerItemProxy */ = {
			isa = PBXContainerItemProxy;
			containerPortal = F2D510FB282A9DD600ED6CF2 /* Alamofire.xcodeproj */;
			proxyType = 1;
			remoteGlobalIDString = F8111E3D19A95C8B0040E7D1;
			remoteInfo = "Alamofire iOS Tests";
		};
		F2110E43281EE8C100CA74AF /* PBXContainerItemProxy */ = {
			isa = PBXContainerItemProxy;
			containerPortal = F2110E24281EE8BF00CA74AF /* Project object */;
			proxyType = 1;
			remoteGlobalIDString = F2110E2B281EE8BF00CA74AF;
			remoteInfo = Countries;
		};
		F2110E4D281EE8C100CA74AF /* PBXContainerItemProxy */ = {
			isa = PBXContainerItemProxy;
			containerPortal = F2110E24281EE8BF00CA74AF /* Project object */;
			proxyType = 1;
			remoteGlobalIDString = F2110E2B281EE8BF00CA74AF;
			remoteInfo = Countries;
		};
		F2D51106282A9DD700ED6CF2 /* PBXContainerItemProxy */ = {
			isa = PBXContainerItemProxy;
			containerPortal = F2D510FB282A9DD600ED6CF2 /* Alamofire.xcodeproj */;
			proxyType = 2;
			remoteGlobalIDString = F8111E3319A95C8B0040E7D1;
			remoteInfo = "Alamofire iOS";
		};
		F2D51108282A9DD700ED6CF2 /* PBXContainerItemProxy */ = {
			isa = PBXContainerItemProxy;
			containerPortal = F2D510FB282A9DD600ED6CF2 /* Alamofire.xcodeproj */;
			proxyType = 2;
			remoteGlobalIDString = F8111E3E19A95C8B0040E7D1;
			remoteInfo = "Alamofire iOS Tests";
		};
		F2D5110A282A9DD700ED6CF2 /* PBXContainerItemProxy */ = {
			isa = PBXContainerItemProxy;
			containerPortal = F2D510FB282A9DD600ED6CF2 /* Alamofire.xcodeproj */;
			proxyType = 2;
			remoteGlobalIDString = 4DD67C0B1A5C55C900ED2280;
			remoteInfo = "Alamofire macOS";
		};
		F2D5110C282A9DD700ED6CF2 /* PBXContainerItemProxy */ = {
			isa = PBXContainerItemProxy;
			containerPortal = F2D510FB282A9DD600ED6CF2 /* Alamofire.xcodeproj */;
			proxyType = 2;
			remoteGlobalIDString = F829C6B21A7A94F100A2CD59;
			remoteInfo = "Alamofire macOS Tests";
		};
		F2D5110E282A9DD700ED6CF2 /* PBXContainerItemProxy */ = {
			isa = PBXContainerItemProxy;
			containerPortal = F2D510FB282A9DD600ED6CF2 /* Alamofire.xcodeproj */;
			proxyType = 2;
			remoteGlobalIDString = 4CF626EF1BA7CB3E0011A099;
			remoteInfo = "Alamofire tvOS";
		};
		F2D51110282A9DD700ED6CF2 /* PBXContainerItemProxy */ = {
			isa = PBXContainerItemProxy;
			containerPortal = F2D510FB282A9DD600ED6CF2 /* Alamofire.xcodeproj */;
			proxyType = 2;
			remoteGlobalIDString = 4CF626F81BA7CB3E0011A099;
			remoteInfo = "Alamofire tvOS Tests";
		};
		F2D51112282A9DD700ED6CF2 /* PBXContainerItemProxy */ = {
			isa = PBXContainerItemProxy;
			containerPortal = F2D510FB282A9DD600ED6CF2 /* Alamofire.xcodeproj */;
			proxyType = 2;
			remoteGlobalIDString = E4202FE01B667AA100C997FB;
			remoteInfo = "Alamofire watchOS";
		};
		F2D51114282A9DD700ED6CF2 /* PBXContainerItemProxy */ = {
			isa = PBXContainerItemProxy;
			containerPortal = F2D510FB282A9DD600ED6CF2 /* Alamofire.xcodeproj */;
			proxyType = 2;
			remoteGlobalIDString = 31293065263E17D600473CEA;
			remoteInfo = "Alamofire watchOS Tests";
		};
/* End PBXContainerItemProxy section */

/* Begin PBXCopyFilesBuildPhase section */
		F2047DDC282AA85000DF517F /* Embed PlugIns */ = {
			isa = PBXCopyFilesBuildPhase;
			buildActionMask = 2147483647;
			dstPath = "";
			dstSubfolderSpec = 13;
			files = (
				F2047DD9282AA85000DF517F /* Alamofire iOS Tests.xctest in Embed PlugIns */,
			);
			name = "Embed PlugIns";
			runOnlyForDeploymentPostprocessing = 0;
		};
		F2047DDD282AA85000DF517F /* Embed Frameworks */ = {
			isa = PBXCopyFilesBuildPhase;
			buildActionMask = 2147483647;
			dstPath = "";
			dstSubfolderSpec = 10;
			files = (
				F2047DDB282AA85000DF517F /* Alamofire.framework in Embed Frameworks */,
			);
			name = "Embed Frameworks";
			runOnlyForDeploymentPostprocessing = 0;
		};
/* End PBXCopyFilesBuildPhase section */

/* Begin PBXFileReference section */
		F2110E2C281EE8BF00CA74AF /* Countries.app */ = {isa = PBXFileReference; explicitFileType = wrapper.application; includeInIndex = 0; path = Countries.app; sourceTree = BUILT_PRODUCTS_DIR; };
		F2110E2F281EE8BF00CA74AF /* AppDelegate.swift */ = {isa = PBXFileReference; lastKnownFileType = sourcecode.swift; path = AppDelegate.swift; sourceTree = "<group>"; };
		F2110E31281EE8BF00CA74AF /* SceneDelegate.swift */ = {isa = PBXFileReference; lastKnownFileType = sourcecode.swift; path = SceneDelegate.swift; sourceTree = "<group>"; };
		F2110E33281EE8BF00CA74AF /* CountriesBaseViewController.swift */ = {isa = PBXFileReference; lastKnownFileType = sourcecode.swift; path = CountriesBaseViewController.swift; sourceTree = "<group>"; };
		F2110E38281EE8C100CA74AF /* Assets.xcassets */ = {isa = PBXFileReference; lastKnownFileType = folder.assetcatalog; path = Assets.xcassets; sourceTree = "<group>"; };
		F2110E3B281EE8C100CA74AF /* Base */ = {isa = PBXFileReference; lastKnownFileType = file.storyboard; name = Base; path = Base.lproj/LaunchScreen.storyboard; sourceTree = "<group>"; };
		F2110E3D281EE8C100CA74AF /* Info.plist */ = {isa = PBXFileReference; lastKnownFileType = text.plist.xml; path = Info.plist; sourceTree = "<group>"; };
		F2110E42281EE8C100CA74AF /* CountriesTests.xctest */ = {isa = PBXFileReference; explicitFileType = wrapper.cfbundle; includeInIndex = 0; path = CountriesTests.xctest; sourceTree = BUILT_PRODUCTS_DIR; };
		F2110E46281EE8C100CA74AF /* CountriesTests.swift */ = {isa = PBXFileReference; lastKnownFileType = sourcecode.swift; path = CountriesTests.swift; sourceTree = "<group>"; };
		F2110E4C281EE8C100CA74AF /* CountriesUITests.xctest */ = {isa = PBXFileReference; explicitFileType = wrapper.cfbundle; includeInIndex = 0; path = CountriesUITests.xctest; sourceTree = BUILT_PRODUCTS_DIR; };
		F2110E50281EE8C100CA74AF /* CountriesUITests.swift */ = {isa = PBXFileReference; lastKnownFileType = sourcecode.swift; path = CountriesUITests.swift; sourceTree = "<group>"; };
		F2110E52281EE8C100CA74AF /* CountriesUITestsLaunchTests.swift */ = {isa = PBXFileReference; lastKnownFileType = sourcecode.swift; path = CountriesUITestsLaunchTests.swift; sourceTree = "<group>"; };
		F2110E65281EED0900CA74AF /* WelcomeView.swift */ = {isa = PBXFileReference; lastKnownFileType = sourcecode.swift; path = WelcomeView.swift; sourceTree = "<group>"; };
		F2110E67281EED3600CA74AF /* WelcomeViewController.swift */ = {isa = PBXFileReference; lastKnownFileType = sourcecode.swift; path = WelcomeViewController.swift; sourceTree = "<group>"; };
		F2110E68281EED3600CA74AF /* WelcomeViewController.xib */ = {isa = PBXFileReference; lastKnownFileType = file.xib; path = WelcomeViewController.xib; sourceTree = "<group>"; };
		F2110E6B281EED4900CA74AF /* WelcomeViewModel.swift */ = {isa = PBXFileReference; lastKnownFileType = sourcecode.swift; path = WelcomeViewModel.swift; sourceTree = "<group>"; };
		F2110E70281F37AC00CA74AF /* CountriesButton.swift */ = {isa = PBXFileReference; lastKnownFileType = sourcecode.swift; path = CountriesButton.swift; sourceTree = "<group>"; };
		F24E18ED282A92C100A1A454 /* CountriesModel.swift */ = {isa = PBXFileReference; lastKnownFileType = sourcecode.swift; path = CountriesModel.swift; sourceTree = "<group>"; };
		F28358AF282045B800B23742 /* CountriesService.swift */ = {isa = PBXFileReference; lastKnownFileType = sourcecode.swift; path = CountriesService.swift; sourceTree = "<group>"; };
		F28358B1282045CD00B23742 /* CountriesServiceImplementation.swift */ = {isa = PBXFileReference; lastKnownFileType = sourcecode.swift; path = CountriesServiceImplementation.swift; sourceTree = "<group>"; };
		F28358B5282077F900B23742 /* AsynchronousProvider.swift */ = {isa = PBXFileReference; lastKnownFileType = sourcecode.swift; path = AsynchronousProvider.swift; sourceTree = "<group>"; };
		F28358B72820781B00B23742 /* AsynchronousRunner.swift */ = {isa = PBXFileReference; lastKnownFileType = sourcecode.swift; path = AsynchronousRunner.swift; sourceTree = "<group>"; };
		F28358B92820783B00B23742 /* AsynchronousRunnerImplementation.swift */ = {isa = PBXFileReference; lastKnownFileType = sourcecode.swift; path = AsynchronousRunnerImplementation.swift; sourceTree = "<group>"; };
		F28358BB2820786300B23742 /* DummyAsynchronousRunner.swift */ = {isa = PBXFileReference; lastKnownFileType = sourcecode.swift; path = DummyAsynchronousRunner.swift; sourceTree = "<group>"; };
		F2D510F7282A9D6E00ED6CF2 /* Alamofire.xcodeproj */ = {isa = PBXFileReference; lastKnownFileType = "wrapper.pb-project"; name = Alamofire.xcodeproj; path = Countries/Alamofire.xcodeproj; sourceTree = "<group>"; };
		F2D510FA282A9DBE00ED6CF2 /* project.pbxproj */ = {isa = PBXFileReference; lastKnownFileType = text.pbxproject; name = project.pbxproj; path = Countries.xcodeproj/project.pbxproj; sourceTree = "<group>"; };
		F2D510FB282A9DD600ED6CF2 /* Alamofire.xcodeproj */ = {isa = PBXFileReference; lastKnownFileType = "wrapper.pb-project"; name = Alamofire.xcodeproj; path = "Alamofire-master/Alamofire.xcodeproj"; sourceTree = "<group>"; };
/* End PBXFileReference section */

/* Begin PBXFrameworksBuildPhase section */
		F2110E29281EE8BF00CA74AF /* Frameworks */ = {
			isa = PBXFrameworksBuildPhase;
			buildActionMask = 2147483647;
			files = (
				F2047DDA282AA85000DF517F /* Alamofire.framework in Frameworks */,
			);
			runOnlyForDeploymentPostprocessing = 0;
		};
		F2110E3F281EE8C100CA74AF /* Frameworks */ = {
			isa = PBXFrameworksBuildPhase;
			buildActionMask = 2147483647;
			files = (
			);
			runOnlyForDeploymentPostprocessing = 0;
		};
		F2110E49281EE8C100CA74AF /* Frameworks */ = {
			isa = PBXFrameworksBuildPhase;
			buildActionMask = 2147483647;
			files = (
			);
			runOnlyForDeploymentPostprocessing = 0;
		};
/* End PBXFrameworksBuildPhase section */

/* Begin PBXGroup section */
		F2047DE8282ADC7000DF517F /* CountriesList */ = {
			isa = PBXGroup;
			children = (
				F2047DEB282ADCA200DF517F /* Repository */,
				F2047DEA282ADC9500DF517F /* ViewModel */,
				F2047DE9282ADC8C00DF517F /* View */,
			);
			path = CountriesList;
			sourceTree = "<group>";
		};
		F2047DE9282ADC8C00DF517F /* View */ = {
			isa = PBXGroup;
			children = (
			);
			path = View;
			sourceTree = "<group>";
		};
		F2047DEA282ADC9500DF517F /* ViewModel */ = {
			isa = PBXGroup;
			children = (
			);
			path = ViewModel;
			sourceTree = "<group>";
		};
		F2047DEB282ADCA200DF517F /* Repository */ = {
			isa = PBXGroup;
			children = (
			);
			path = Repository;
			sourceTree = "<group>";
		};
		F2110E23281EE8BF00CA74AF = {
			isa = PBXGroup;
			children = (
				F2110E6D281EF08700CA74AF /* UnitTests */,
				F2110E2E281EE8BF00CA74AF /* Countries */,
				F2110E2D281EE8BF00CA74AF /* Products */,
				F2D510F6282A9D6E00ED6CF2 /* Frameworks */,
			);
			sourceTree = "<group>";
		};
		F2110E2D281EE8BF00CA74AF /* Products */ = {
			isa = PBXGroup;
			children = (
				F2110E2C281EE8BF00CA74AF /* Countries.app */,
				F2110E42281EE8C100CA74AF /* CountriesTests.xctest */,
				F2110E4C281EE8C100CA74AF /* CountriesUITests.xctest */,
			);
			name = Products;
			sourceTree = "<group>";
		};
		F2110E2E281EE8BF00CA74AF /* Countries */ = {
			isa = PBXGroup;
			children = (
				F2047DE8282ADC7000DF517F /* CountriesList */,
				F2110E62281EECA000CA74AF /* WelcomeScreen */,
				F2110E60281EE97700CA74AF /* Common */,
				F2110E5F281EE95700CA74AF /* Resources */,
				F2110E3A281EE8C100CA74AF /* LaunchScreen.storyboard */,
				F2110E3D281EE8C100CA74AF /* Info.plist */,
			);
			path = Countries;
			sourceTree = "<group>";
		};
		F2110E45281EE8C100CA74AF /* CountriesTests */ = {
			isa = PBXGroup;
			children = (
				F2110E46281EE8C100CA74AF /* CountriesTests.swift */,
			);
			path = CountriesTests;
			sourceTree = "<group>";
		};
		F2110E4F281EE8C100CA74AF /* CountriesUITests */ = {
			isa = PBXGroup;
			children = (
				F2110E50281EE8C100CA74AF /* CountriesUITests.swift */,
				F2110E52281EE8C100CA74AF /* CountriesUITestsLaunchTests.swift */,
			);
			path = CountriesUITests;
			sourceTree = "<group>";
		};
		F2110E5F281EE95700CA74AF /* Resources */ = {
			isa = PBXGroup;
			children = (
				F2110E31281EE8BF00CA74AF /* SceneDelegate.swift */,
				F2110E2F281EE8BF00CA74AF /* AppDelegate.swift */,
				F2110E38281EE8C100CA74AF /* Assets.xcassets */,
			);
			path = Resources;
			sourceTree = "<group>";
		};
		F2110E60281EE97700CA74AF /* Common */ = {
			isa = PBXGroup;
			children = (
				F24E18EC282A92A400A1A454 /* Model */,
				F28358B32820778700B23742 /* Utilities */,
				F28358AE2820457E00B23742 /* Service */,
				F2110E6E281F376A00CA74AF /* Components */,
				F2110E61281EE9BC00CA74AF /* BaseViewController */,
			);
			path = Common;
			sourceTree = "<group>";
		};
		F2110E61281EE9BC00CA74AF /* BaseViewController */ = {
			isa = PBXGroup;
			children = (
				F2110E33281EE8BF00CA74AF /* CountriesBaseViewController.swift */,
			);
			path = BaseViewController;
			sourceTree = "<group>";
		};
		F2110E62281EECA000CA74AF /* WelcomeScreen */ = {
			isa = PBXGroup;
			children = (
				F2110E64281EECD600CA74AF /* ViewModel */,
				F2110E63281EECCE00CA74AF /* View */,
			);
			path = WelcomeScreen;
			sourceTree = "<group>";
		};
		F2110E63281EECCE00CA74AF /* View */ = {
			isa = PBXGroup;
			children = (
				F2110E65281EED0900CA74AF /* WelcomeView.swift */,
				F2110E67281EED3600CA74AF /* WelcomeViewController.swift */,
				F2110E68281EED3600CA74AF /* WelcomeViewController.xib */,
			);
			path = View;
			sourceTree = "<group>";
		};
		F2110E64281EECD600CA74AF /* ViewModel */ = {
			isa = PBXGroup;
			children = (
				F2110E6B281EED4900CA74AF /* WelcomeViewModel.swift */,
			);
			path = ViewModel;
			sourceTree = "<group>";
		};
		F2110E6D281EF08700CA74AF /* UnitTests */ = {
			isa = PBXGroup;
			children = (
				F2110E4F281EE8C100CA74AF /* CountriesUITests */,
				F2110E45281EE8C100CA74AF /* CountriesTests */,
			);
			path = UnitTests;
			sourceTree = "<group>";
		};
		F2110E6E281F376A00CA74AF /* Components */ = {
			isa = PBXGroup;
			children = (
				F2110E6F281F377B00CA74AF /* UIButtons */,
			);
			path = Components;
			sourceTree = "<group>";
		};
		F2110E6F281F377B00CA74AF /* UIButtons */ = {
			isa = PBXGroup;
			children = (
				F2110E70281F37AC00CA74AF /* CountriesButton.swift */,
			);
			path = UIButtons;
			sourceTree = "<group>";
		};
		F24E18EC282A92A400A1A454 /* Model */ = {
			isa = PBXGroup;
			children = (
				F24E18ED282A92C100A1A454 /* CountriesModel.swift */,
			);
			path = Model;
			sourceTree = "<group>";
		};
		F28358AE2820457E00B23742 /* Service */ = {
			isa = PBXGroup;
			children = (
				F28358AF282045B800B23742 /* CountriesService.swift */,
				F28358B1282045CD00B23742 /* CountriesServiceImplementation.swift */,
			);
			path = Service;
			sourceTree = "<group>";
		};
		F28358B32820778700B23742 /* Utilities */ = {
			isa = PBXGroup;
			children = (
				F28358B42820779700B23742 /* Multithreading */,
			);
			path = Utilities;
			sourceTree = "<group>";
		};
		F28358B42820779700B23742 /* Multithreading */ = {
			isa = PBXGroup;
			children = (
				F28358B5282077F900B23742 /* AsynchronousProvider.swift */,
				F28358B72820781B00B23742 /* AsynchronousRunner.swift */,
				F28358B92820783B00B23742 /* AsynchronousRunnerImplementation.swift */,
				F28358BB2820786300B23742 /* DummyAsynchronousRunner.swift */,
			);
			path = Multithreading;
			sourceTree = "<group>";
		};
		F2D510F6282A9D6E00ED6CF2 /* Frameworks */ = {
			isa = PBXGroup;
			children = (
				F2D510FB282A9DD600ED6CF2 /* Alamofire.xcodeproj */,
				F2D510FA282A9DBE00ED6CF2 /* project.pbxproj */,
				F2D510F7282A9D6E00ED6CF2 /* Alamofire.xcodeproj */,
			);
			name = Frameworks;
			sourceTree = "<group>";
		};
		F2D510F8282A9D6E00ED6CF2 /* Products */ = {
			isa = PBXGroup;
			name = Products;
			sourceTree = "<group>";
		};
		F2D510FC282A9DD600ED6CF2 /* Products */ = {
			isa = PBXGroup;
			children = (
				F2D51107282A9DD700ED6CF2 /* Alamofire.framework */,
				F2D51109282A9DD700ED6CF2 /* Alamofire iOS Tests.xctest */,
				F2D5110B282A9DD700ED6CF2 /* Alamofire.framework */,
				F2D5110D282A9DD700ED6CF2 /* Alamofire macOS Tests.xctest */,
				F2D5110F282A9DD700ED6CF2 /* Alamofire.framework */,
				F2D51111282A9DD700ED6CF2 /* Alamofire tvOS Tests.xctest */,
				F2D51113282A9DD700ED6CF2 /* Alamofire.framework */,
				F2D51115282A9DD700ED6CF2 /* Alamofire watchOS Tests.xctest */,
			);
			name = Products;
			sourceTree = "<group>";
		};
/* End PBXGroup section */

/* Begin PBXNativeTarget section */
		F2110E2B281EE8BF00CA74AF /* Countries */ = {
			isa = PBXNativeTarget;
			buildConfigurationList = F2110E56281EE8C100CA74AF /* Build configuration list for PBXNativeTarget "Countries" */;
			buildPhases = (
				F2110E28281EE8BF00CA74AF /* Sources */,
				F2110E29281EE8BF00CA74AF /* Frameworks */,
				F2110E2A281EE8BF00CA74AF /* Resources */,
				F2047DDC282AA85000DF517F /* Embed PlugIns */,
				F2047DDD282AA85000DF517F /* Embed Frameworks */,
			);
			buildRules = (
			);
			dependencies = (
				F2047DD6282AA82500DF517F /* PBXTargetDependency */,
				F2047DD8282AA82500DF517F /* PBXTargetDependency */,
			);
			name = Countries;
			productName = Countries;
			productReference = F2110E2C281EE8BF00CA74AF /* Countries.app */;
			productType = "com.apple.product-type.application";
		};
		F2110E41281EE8C100CA74AF /* CountriesTests */ = {
			isa = PBXNativeTarget;
			buildConfigurationList = F2110E59281EE8C100CA74AF /* Build configuration list for PBXNativeTarget "CountriesTests" */;
			buildPhases = (
				F2110E3E281EE8C100CA74AF /* Sources */,
				F2110E3F281EE8C100CA74AF /* Frameworks */,
				F2110E40281EE8C100CA74AF /* Resources */,
			);
			buildRules = (
			);
			dependencies = (
				F2110E44281EE8C100CA74AF /* PBXTargetDependency */,
			);
			name = CountriesTests;
			productName = CountriesTests;
			productReference = F2110E42281EE8C100CA74AF /* CountriesTests.xctest */;
			productType = "com.apple.product-type.bundle.unit-test";
		};
		F2110E4B281EE8C100CA74AF /* CountriesUITests */ = {
			isa = PBXNativeTarget;
			buildConfigurationList = F2110E5C281EE8C100CA74AF /* Build configuration list for PBXNativeTarget "CountriesUITests" */;
			buildPhases = (
				F2110E48281EE8C100CA74AF /* Sources */,
				F2110E49281EE8C100CA74AF /* Frameworks */,
				F2110E4A281EE8C100CA74AF /* Resources */,
			);
			buildRules = (
			);
			dependencies = (
				F2110E4E281EE8C100CA74AF /* PBXTargetDependency */,
			);
			name = CountriesUITests;
			productName = CountriesUITests;
			productReference = F2110E4C281EE8C100CA74AF /* CountriesUITests.xctest */;
			productType = "com.apple.product-type.bundle.ui-testing";
		};
/* End PBXNativeTarget section */

/* Begin PBXProject section */
		F2110E24281EE8BF00CA74AF /* Project object */ = {
			isa = PBXProject;
			attributes = {
				BuildIndependentTargetsInParallel = 1;
				LastSwiftUpdateCheck = 1320;
				LastUpgradeCheck = 1320;
				TargetAttributes = {
					F2110E2B281EE8BF00CA74AF = {
						CreatedOnToolsVersion = 13.2.1;
					};
					F2110E41281EE8C100CA74AF = {
						CreatedOnToolsVersion = 13.2.1;
						TestTargetID = F2110E2B281EE8BF00CA74AF;
					};
					F2110E4B281EE8C100CA74AF = {
						CreatedOnToolsVersion = 13.2.1;
						TestTargetID = F2110E2B281EE8BF00CA74AF;
					};
				};
			};
			buildConfigurationList = F2110E27281EE8BF00CA74AF /* Build configuration list for PBXProject "Countries" */;
			compatibilityVersion = "Xcode 13.0";
			developmentRegion = en;
			hasScannedForEncodings = 0;
			knownRegions = (
				en,
				Base,
			);
			mainGroup = F2110E23281EE8BF00CA74AF;
			productRefGroup = F2110E2D281EE8BF00CA74AF /* Products */;
			projectDirPath = "";
			projectReferences = (
				{
					ProductGroup = F2D510FC282A9DD600ED6CF2 /* Products */;
					ProjectRef = F2D510FB282A9DD600ED6CF2 /* Alamofire.xcodeproj */;
				},
				{
					ProductGroup = F2D510F8282A9D6E00ED6CF2 /* Products */;
					ProjectRef = F2D510F7282A9D6E00ED6CF2 /* Alamofire.xcodeproj */;
				},
			);
			projectRoot = "";
			targets = (
				F2110E2B281EE8BF00CA74AF /* Countries */,
				F2110E41281EE8C100CA74AF /* CountriesTests */,
				F2110E4B281EE8C100CA74AF /* CountriesUITests */,
			);
		};
/* End PBXProject section */

/* Begin PBXReferenceProxy section */
		F2D51107282A9DD700ED6CF2 /* Alamofire.framework */ = {
			isa = PBXReferenceProxy;
			fileType = wrapper.framework;
			path = Alamofire.framework;
			remoteRef = F2D51106282A9DD700ED6CF2 /* PBXContainerItemProxy */;
			sourceTree = BUILT_PRODUCTS_DIR;
		};
		F2D51109282A9DD700ED6CF2 /* Alamofire iOS Tests.xctest */ = {
			isa = PBXReferenceProxy;
			fileType = wrapper.cfbundle;
			path = "Alamofire iOS Tests.xctest";
			remoteRef = F2D51108282A9DD700ED6CF2 /* PBXContainerItemProxy */;
			sourceTree = BUILT_PRODUCTS_DIR;
		};
		F2D5110B282A9DD700ED6CF2 /* Alamofire.framework */ = {
			isa = PBXReferenceProxy;
			fileType = wrapper.framework;
			path = Alamofire.framework;
			remoteRef = F2D5110A282A9DD700ED6CF2 /* PBXContainerItemProxy */;
			sourceTree = BUILT_PRODUCTS_DIR;
		};
		F2D5110D282A9DD700ED6CF2 /* Alamofire macOS Tests.xctest */ = {
			isa = PBXReferenceProxy;
			fileType = wrapper.cfbundle;
			path = "Alamofire macOS Tests.xctest";
			remoteRef = F2D5110C282A9DD700ED6CF2 /* PBXContainerItemProxy */;
			sourceTree = BUILT_PRODUCTS_DIR;
		};
		F2D5110F282A9DD700ED6CF2 /* Alamofire.framework */ = {
			isa = PBXReferenceProxy;
			fileType = wrapper.framework;
			path = Alamofire.framework;
			remoteRef = F2D5110E282A9DD700ED6CF2 /* PBXContainerItemProxy */;
			sourceTree = BUILT_PRODUCTS_DIR;
		};
		F2D51111282A9DD700ED6CF2 /* Alamofire tvOS Tests.xctest */ = {
			isa = PBXReferenceProxy;
			fileType = wrapper.cfbundle;
			path = "Alamofire tvOS Tests.xctest";
			remoteRef = F2D51110282A9DD700ED6CF2 /* PBXContainerItemProxy */;
			sourceTree = BUILT_PRODUCTS_DIR;
		};
		F2D51113282A9DD700ED6CF2 /* Alamofire.framework */ = {
			isa = PBXReferenceProxy;
			fileType = wrapper.framework;
			path = Alamofire.framework;
			remoteRef = F2D51112282A9DD700ED6CF2 /* PBXContainerItemProxy */;
			sourceTree = BUILT_PRODUCTS_DIR;
		};
		F2D51115282A9DD700ED6CF2 /* Alamofire watchOS Tests.xctest */ = {
			isa = PBXReferenceProxy;
			fileType = wrapper.cfbundle;
			path = "Alamofire watchOS Tests.xctest";
			remoteRef = F2D51114282A9DD700ED6CF2 /* PBXContainerItemProxy */;
			sourceTree = BUILT_PRODUCTS_DIR;
		};
/* End PBXReferenceProxy section */

/* Begin PBXResourcesBuildPhase section */
		F2110E2A281EE8BF00CA74AF /* Resources */ = {
			isa = PBXResourcesBuildPhase;
			buildActionMask = 2147483647;
			files = (
				F2110E3C281EE8C100CA74AF /* LaunchScreen.storyboard in Resources */,
				F2110E39281EE8C100CA74AF /* Assets.xcassets in Resources */,
				F2110E6A281EED3600CA74AF /* WelcomeViewController.xib in Resources */,
			);
			runOnlyForDeploymentPostprocessing = 0;
		};
		F2110E40281EE8C100CA74AF /* Resources */ = {
			isa = PBXResourcesBuildPhase;
			buildActionMask = 2147483647;
			files = (
			);
			runOnlyForDeploymentPostprocessing = 0;
		};
		F2110E4A281EE8C100CA74AF /* Resources */ = {
			isa = PBXResourcesBuildPhase;
			buildActionMask = 2147483647;
			files = (
			);
			runOnlyForDeploymentPostprocessing = 0;
		};
/* End PBXResourcesBuildPhase section */

/* Begin PBXSourcesBuildPhase section */
		F2110E28281EE8BF00CA74AF /* Sources */ = {
			isa = PBXSourcesBuildPhase;
			buildActionMask = 2147483647;
			files = (
				F2110E34281EE8BF00CA74AF /* CountriesBaseViewController.swift in Sources */,
				F2110E66281EED0900CA74AF /* WelcomeView.swift in Sources */,
				F28358B82820781B00B23742 /* AsynchronousRunner.swift in Sources */,
				F28358B6282077F900B23742 /* AsynchronousProvider.swift in Sources */,
				F28358B2282045CD00B23742 /* CountriesServiceImplementation.swift in Sources */,
				F28358BC2820786300B23742 /* DummyAsynchronousRunner.swift in Sources */,
				F28358BA2820783B00B23742 /* AsynchronousRunnerImplementation.swift in Sources */,
				F2110E30281EE8BF00CA74AF /* AppDelegate.swift in Sources */,
				F2110E69281EED3600CA74AF /* WelcomeViewController.swift in Sources */,
				F2110E71281F37AC00CA74AF /* CountriesButton.swift in Sources */,
				F24E18EE282A92C100A1A454 /* CountriesModel.swift in Sources */,
				F2110E32281EE8BF00CA74AF /* SceneDelegate.swift in Sources */,
				F28358B0282045B800B23742 /* CountriesService.swift in Sources */,
				F2110E6C281EED4900CA74AF /* WelcomeViewModel.swift in Sources */,
			);
			runOnlyForDeploymentPostprocessing = 0;
		};
		F2110E3E281EE8C100CA74AF /* Sources */ = {
			isa = PBXSourcesBuildPhase;
			buildActionMask = 2147483647;
			files = (
				F2110E47281EE8C100CA74AF /* CountriesTests.swift in Sources */,
			);
			runOnlyForDeploymentPostprocessing = 0;
		};
		F2110E48281EE8C100CA74AF /* Sources */ = {
			isa = PBXSourcesBuildPhase;
			buildActionMask = 2147483647;
			files = (
				F2110E51281EE8C100CA74AF /* CountriesUITests.swift in Sources */,
				F2110E53281EE8C100CA74AF /* CountriesUITestsLaunchTests.swift in Sources */,
			);
			runOnlyForDeploymentPostprocessing = 0;
		};
/* End PBXSourcesBuildPhase section */

/* Begin PBXTargetDependency section */
		F2047DD6282AA82500DF517F /* PBXTargetDependency */ = {
			isa = PBXTargetDependency;
			name = "Alamofire iOS";
			targetProxy = F2047DD5282AA82500DF517F /* PBXContainerItemProxy */;
		};
		F2047DD8282AA82500DF517F /* PBXTargetDependency */ = {
			isa = PBXTargetDependency;
			name = "Alamofire iOS Tests";
			targetProxy = F2047DD7282AA82500DF517F /* PBXContainerItemProxy */;
		};
		F2110E44281EE8C100CA74AF /* PBXTargetDependency */ = {
			isa = PBXTargetDependency;
			target = F2110E2B281EE8BF00CA74AF /* Countries */;
			targetProxy = F2110E43281EE8C100CA74AF /* PBXContainerItemProxy */;
		};
		F2110E4E281EE8C100CA74AF /* PBXTargetDependency */ = {
			isa = PBXTargetDependency;
			target = F2110E2B281EE8BF00CA74AF /* Countries */;
			targetProxy = F2110E4D281EE8C100CA74AF /* PBXContainerItemProxy */;
		};
/* End PBXTargetDependency section */

/* Begin PBXVariantGroup section */
		F2110E3A281EE8C100CA74AF /* LaunchScreen.storyboard */ = {
			isa = PBXVariantGroup;
			children = (
				F2110E3B281EE8C100CA74AF /* Base */,
			);
			name = LaunchScreen.storyboard;
			sourceTree = "<group>";
		};
/* End PBXVariantGroup section */

/* Begin XCBuildConfiguration section */
		F2110E54281EE8C100CA74AF /* Debug */ = {
			isa = XCBuildConfiguration;
			buildSettings = {
				ALWAYS_SEARCH_USER_PATHS = NO;
				CLANG_ANALYZER_NONNULL = YES;
				CLANG_ANALYZER_NUMBER_OBJECT_CONVERSION = YES_AGGRESSIVE;
				CLANG_CXX_LANGUAGE_STANDARD = "gnu++17";
				CLANG_CXX_LIBRARY = "libc++";
				CLANG_ENABLE_MODULES = YES;
				CLANG_ENABLE_OBJC_ARC = YES;
				CLANG_ENABLE_OBJC_WEAK = YES;
				CLANG_WARN_BLOCK_CAPTURE_AUTORELEASING = YES;
				CLANG_WARN_BOOL_CONVERSION = YES;
				CLANG_WARN_COMMA = YES;
				CLANG_WARN_CONSTANT_CONVERSION = YES;
				CLANG_WARN_DEPRECATED_OBJC_IMPLEMENTATIONS = YES;
				CLANG_WARN_DIRECT_OBJC_ISA_USAGE = YES_ERROR;
				CLANG_WARN_DOCUMENTATION_COMMENTS = YES;
				CLANG_WARN_EMPTY_BODY = YES;
				CLANG_WARN_ENUM_CONVERSION = YES;
				CLANG_WARN_INFINITE_RECURSION = YES;
				CLANG_WARN_INT_CONVERSION = YES;
				CLANG_WARN_NON_LITERAL_NULL_CONVERSION = YES;
				CLANG_WARN_OBJC_IMPLICIT_RETAIN_SELF = YES;
				CLANG_WARN_OBJC_LITERAL_CONVERSION = YES;
				CLANG_WARN_OBJC_ROOT_CLASS = YES_ERROR;
				CLANG_WARN_QUOTED_INCLUDE_IN_FRAMEWORK_HEADER = YES;
				CLANG_WARN_RANGE_LOOP_ANALYSIS = YES;
				CLANG_WARN_STRICT_PROTOTYPES = YES;
				CLANG_WARN_SUSPICIOUS_MOVE = YES;
				CLANG_WARN_UNGUARDED_AVAILABILITY = YES_AGGRESSIVE;
				CLANG_WARN_UNREACHABLE_CODE = YES;
				CLANG_WARN__DUPLICATE_METHOD_MATCH = YES;
				COPY_PHASE_STRIP = NO;
				DEBUG_INFORMATION_FORMAT = dwarf;
				ENABLE_STRICT_OBJC_MSGSEND = YES;
				ENABLE_TESTABILITY = YES;
				GCC_C_LANGUAGE_STANDARD = gnu11;
				GCC_DYNAMIC_NO_PIC = NO;
				GCC_NO_COMMON_BLOCKS = YES;
				GCC_OPTIMIZATION_LEVEL = 0;
				GCC_PREPROCESSOR_DEFINITIONS = (
					"DEBUG=1",
					"$(inherited)",
				);
				GCC_WARN_64_TO_32_BIT_CONVERSION = YES;
				GCC_WARN_ABOUT_RETURN_TYPE = YES_ERROR;
				GCC_WARN_UNDECLARED_SELECTOR = YES;
				GCC_WARN_UNINITIALIZED_AUTOS = YES_AGGRESSIVE;
				GCC_WARN_UNUSED_FUNCTION = YES;
				GCC_WARN_UNUSED_VARIABLE = YES;
				IPHONEOS_DEPLOYMENT_TARGET = 15.2;
				MTL_ENABLE_DEBUG_INFO = INCLUDE_SOURCE;
				MTL_FAST_MATH = YES;
				ONLY_ACTIVE_ARCH = YES;
				SDKROOT = iphoneos;
				SWIFT_ACTIVE_COMPILATION_CONDITIONS = DEBUG;
				SWIFT_OPTIMIZATION_LEVEL = "-Onone";
			};
			name = Debug;
		};
		F2110E55281EE8C100CA74AF /* Release */ = {
			isa = XCBuildConfiguration;
			buildSettings = {
				ALWAYS_SEARCH_USER_PATHS = NO;
				CLANG_ANALYZER_NONNULL = YES;
				CLANG_ANALYZER_NUMBER_OBJECT_CONVERSION = YES_AGGRESSIVE;
				CLANG_CXX_LANGUAGE_STANDARD = "gnu++17";
				CLANG_CXX_LIBRARY = "libc++";
				CLANG_ENABLE_MODULES = YES;
				CLANG_ENABLE_OBJC_ARC = YES;
				CLANG_ENABLE_OBJC_WEAK = YES;
				CLANG_WARN_BLOCK_CAPTURE_AUTORELEASING = YES;
				CLANG_WARN_BOOL_CONVERSION = YES;
				CLANG_WARN_COMMA = YES;
				CLANG_WARN_CONSTANT_CONVERSION = YES;
				CLANG_WARN_DEPRECATED_OBJC_IMPLEMENTATIONS = YES;
				CLANG_WARN_DIRECT_OBJC_ISA_USAGE = YES_ERROR;
				CLANG_WARN_DOCUMENTATION_COMMENTS = YES;
				CLANG_WARN_EMPTY_BODY = YES;
				CLANG_WARN_ENUM_CONVERSION = YES;
				CLANG_WARN_INFINITE_RECURSION = YES;
				CLANG_WARN_INT_CONVERSION = YES;
				CLANG_WARN_NON_LITERAL_NULL_CONVERSION = YES;
				CLANG_WARN_OBJC_IMPLICIT_RETAIN_SELF = YES;
				CLANG_WARN_OBJC_LITERAL_CONVERSION = YES;
				CLANG_WARN_OBJC_ROOT_CLASS = YES_ERROR;
				CLANG_WARN_QUOTED_INCLUDE_IN_FRAMEWORK_HEADER = YES;
				CLANG_WARN_RANGE_LOOP_ANALYSIS = YES;
				CLANG_WARN_STRICT_PROTOTYPES = YES;
				CLANG_WARN_SUSPICIOUS_MOVE = YES;
				CLANG_WARN_UNGUARDED_AVAILABILITY = YES_AGGRESSIVE;
				CLANG_WARN_UNREACHABLE_CODE = YES;
				CLANG_WARN__DUPLICATE_METHOD_MATCH = YES;
				COPY_PHASE_STRIP = NO;
				DEBUG_INFORMATION_FORMAT = "dwarf-with-dsym";
				ENABLE_NS_ASSERTIONS = NO;
				ENABLE_STRICT_OBJC_MSGSEND = YES;
				GCC_C_LANGUAGE_STANDARD = gnu11;
				GCC_NO_COMMON_BLOCKS = YES;
				GCC_WARN_64_TO_32_BIT_CONVERSION = YES;
				GCC_WARN_ABOUT_RETURN_TYPE = YES_ERROR;
				GCC_WARN_UNDECLARED_SELECTOR = YES;
				GCC_WARN_UNINITIALIZED_AUTOS = YES_AGGRESSIVE;
				GCC_WARN_UNUSED_FUNCTION = YES;
				GCC_WARN_UNUSED_VARIABLE = YES;
				IPHONEOS_DEPLOYMENT_TARGET = 15.2;
				MTL_ENABLE_DEBUG_INFO = NO;
				MTL_FAST_MATH = YES;
				SDKROOT = iphoneos;
				SWIFT_COMPILATION_MODE = wholemodule;
				SWIFT_OPTIMIZATION_LEVEL = "-O";
				VALIDATE_PRODUCT = YES;
			};
			name = Release;
		};
		F2110E57281EE8C100CA74AF /* Debug */ = {
			isa = XCBuildConfiguration;
			buildSettings = {
				ASSETCATALOG_COMPILER_APPICON_NAME = AppIcon;
				ASSETCATALOG_COMPILER_GLOBAL_ACCENT_COLOR_NAME = AccentColor;
				CODE_SIGN_IDENTITY = "Apple Development";
				CODE_SIGN_STYLE = Automatic;
				CURRENT_PROJECT_VERSION = 2.6.9;
				DEVELOPMENT_TEAM = "";
				GENERATE_INFOPLIST_FILE = YES;
				INFOPLIST_FILE = Countries/Info.plist;
				INFOPLIST_KEY_UIApplicationSupportsIndirectInputEvents = YES;
				INFOPLIST_KEY_UILaunchStoryboardName = LaunchScreen;
				INFOPLIST_KEY_UISupportedInterfaceOrientations_iPad = "UIInterfaceOrientationPortrait UIInterfaceOrientationPortraitUpsideDown UIInterfaceOrientationLandscapeLeft UIInterfaceOrientationLandscapeRight";
				INFOPLIST_KEY_UISupportedInterfaceOrientations_iPhone = "UIInterfaceOrientationPortrait UIInterfaceOrientationLandscapeLeft UIInterfaceOrientationLandscapeRight";
				LD_RUNPATH_SEARCH_PATHS = (
					"$(inherited)",
					"@executable_path/Frameworks",
				);
				MARKETING_VERSION = 1.0;
				PRODUCT_BUNDLE_IDENTIFIER = AldrinBahle.Countries;
				PRODUCT_NAME = "$(TARGET_NAME)";
				PROVISIONING_PROFILE_SPECIFIER = "";
				SWIFT_EMIT_LOC_STRINGS = YES;
				SWIFT_VERSION = 5.0;
				TARGETED_DEVICE_FAMILY = "1,2";
			};
			name = Debug;
		};
		F2110E58281EE8C100CA74AF /* Release */ = {
			isa = XCBuildConfiguration;
			buildSettings = {
				ASSETCATALOG_COMPILER_APPICON_NAME = AppIcon;
				ASSETCATALOG_COMPILER_GLOBAL_ACCENT_COLOR_NAME = AccentColor;
				CODE_SIGN_IDENTITY = "Apple Development";
				CODE_SIGN_STYLE = Automatic;
				CURRENT_PROJECT_VERSION = 2.6.9;
				DEVELOPMENT_TEAM = "";
				GENERATE_INFOPLIST_FILE = YES;
				INFOPLIST_FILE = Countries/Info.plist;
				INFOPLIST_KEY_UIApplicationSupportsIndirectInputEvents = YES;
				INFOPLIST_KEY_UILaunchStoryboardName = LaunchScreen;
				INFOPLIST_KEY_UISupportedInterfaceOrientations_iPad = "UIInterfaceOrientationPortrait UIInterfaceOrientationPortraitUpsideDown UIInterfaceOrientationLandscapeLeft UIInterfaceOrientationLandscapeRight";
				INFOPLIST_KEY_UISupportedInterfaceOrientations_iPhone = "UIInterfaceOrientationPortrait UIInterfaceOrientationLandscapeLeft UIInterfaceOrientationLandscapeRight";
				LD_RUNPATH_SEARCH_PATHS = (
					"$(inherited)",
					"@executable_path/Frameworks",
				);
				MARKETING_VERSION = 1.0;
				PRODUCT_BUNDLE_IDENTIFIER = AldrinBahle.Countries;
				PRODUCT_NAME = "$(TARGET_NAME)";
				PROVISIONING_PROFILE_SPECIFIER = "";
				SWIFT_EMIT_LOC_STRINGS = YES;
				SWIFT_VERSION = 5.0;
				TARGETED_DEVICE_FAMILY = "1,2";
			};
			name = Release;
		};
		F2110E5A281EE8C100CA74AF /* Debug */ = {
			isa = XCBuildConfiguration;
			buildSettings = {
				ALWAYS_EMBED_SWIFT_STANDARD_LIBRARIES = YES;
				BUNDLE_LOADER = "$(TEST_HOST)";
				CODE_SIGN_STYLE = Automatic;
				CURRENT_PROJECT_VERSION = 2.6.9;
				GENERATE_INFOPLIST_FILE = YES;
				IPHONEOS_DEPLOYMENT_TARGET = 15.2;
				MARKETING_VERSION = 1.0;
				PRODUCT_BUNDLE_IDENTIFIER = AldrinBahle.CountriesTests;
				PRODUCT_NAME = "$(TARGET_NAME)";
				SWIFT_EMIT_LOC_STRINGS = NO;
				SWIFT_VERSION = 5.0;
				TARGETED_DEVICE_FAMILY = "1,2";
				TEST_HOST = "$(BUILT_PRODUCTS_DIR)/Countries.app/Countries";
			};
			name = Debug;
		};
		F2110E5B281EE8C100CA74AF /* Release */ = {
			isa = XCBuildConfiguration;
			buildSettings = {
				ALWAYS_EMBED_SWIFT_STANDARD_LIBRARIES = YES;
				BUNDLE_LOADER = "$(TEST_HOST)";
				CODE_SIGN_STYLE = Automatic;
				CURRENT_PROJECT_VERSION = 2.6.9;
				GENERATE_INFOPLIST_FILE = YES;
				IPHONEOS_DEPLOYMENT_TARGET = 15.2;
				MARKETING_VERSION = 1.0;
				PRODUCT_BUNDLE_IDENTIFIER = AldrinBahle.CountriesTests;
				PRODUCT_NAME = "$(TARGET_NAME)";
				SWIFT_EMIT_LOC_STRINGS = NO;
				SWIFT_VERSION = 5.0;
				TARGETED_DEVICE_FAMILY = "1,2";
				TEST_HOST = "$(BUILT_PRODUCTS_DIR)/Countries.app/Countries";
			};
			name = Release;
		};
		F2110E5D281EE8C100CA74AF /* Debug */ = {
			isa = XCBuildConfiguration;
			buildSettings = {
				ALWAYS_EMBED_SWIFT_STANDARD_LIBRARIES = YES;
				CODE_SIGN_STYLE = Automatic;
				CURRENT_PROJECT_VERSION = 2.6.9;
				GENERATE_INFOPLIST_FILE = YES;
				MARKETING_VERSION = 1.0;
				PRODUCT_BUNDLE_IDENTIFIER = AldrinBahle.CountriesUITests;
				PRODUCT_NAME = "$(TARGET_NAME)";
				SWIFT_EMIT_LOC_STRINGS = NO;
				SWIFT_VERSION = 5.0;
				TARGETED_DEVICE_FAMILY = "1,2";
				TEST_TARGET_NAME = Countries;
			};
			name = Debug;
		};
		F2110E5E281EE8C100CA74AF /* Release */ = {
			isa = XCBuildConfiguration;
			buildSettings = {
				ALWAYS_EMBED_SWIFT_STANDARD_LIBRARIES = YES;
				CODE_SIGN_STYLE = Automatic;
				CURRENT_PROJECT_VERSION = 2.6.9;
				GENERATE_INFOPLIST_FILE = YES;
				MARKETING_VERSION = 1.0;
				PRODUCT_BUNDLE_IDENTIFIER = AldrinBahle.CountriesUITests;
				PRODUCT_NAME = "$(TARGET_NAME)";
				SWIFT_EMIT_LOC_STRINGS = NO;
				SWIFT_VERSION = 5.0;
				TARGETED_DEVICE_FAMILY = "1,2";
				TEST_TARGET_NAME = Countries;
			};
			name = Release;
		};
/* End XCBuildConfiguration section */

/* Begin XCConfigurationList section */
		F2110E27281EE8BF00CA74AF /* Build configuration list for PBXProject "Countries" */ = {
			isa = XCConfigurationList;
			buildConfigurations = (
				F2110E54281EE8C100CA74AF /* Debug */,
				F2110E55281EE8C100CA74AF /* Release */,
			);
			defaultConfigurationIsVisible = 0;
			defaultConfigurationName = Release;
		};
		F2110E56281EE8C100CA74AF /* Build configuration list for PBXNativeTarget "Countries" */ = {
			isa = XCConfigurationList;
			buildConfigurations = (
				F2110E57281EE8C100CA74AF /* Debug */,
				F2110E58281EE8C100CA74AF /* Release */,
			);
			defaultConfigurationIsVisible = 0;
			defaultConfigurationName = Release;
		};
		F2110E59281EE8C100CA74AF /* Build configuration list for PBXNativeTarget "CountriesTests" */ = {
			isa = XCConfigurationList;
			buildConfigurations = (
				F2110E5A281EE8C100CA74AF /* Debug */,
				F2110E5B281EE8C100CA74AF /* Release */,
			);
			defaultConfigurationIsVisible = 0;
			defaultConfigurationName = Release;
		};
		F2110E5C281EE8C100CA74AF /* Build configuration list for PBXNativeTarget "CountriesUITests" */ = {
			isa = XCConfigurationList;
			buildConfigurations = (
				F2110E5D281EE8C100CA74AF /* Debug */,
				F2110E5E281EE8C100CA74AF /* Release */,
			);
			defaultConfigurationIsVisible = 0;
			defaultConfigurationName = Release;
		};
/* End XCConfigurationList section */
	};
	rootObject = F2110E24281EE8BF00CA74AF /* Project object */;
}
